// !$*UTF8*$!
{
	archiveVersion = 1;
	classes = {
	};
	objectVersion = 55;
	objects = {

/* Begin PBXBuildFile section */
		4911F003288B1C2D001091F1 /* AppDelegate.swift in Sources */ = {isa = PBXBuildFile; fileRef = 4911F002288B1C2D001091F1 /* AppDelegate.swift */; };
		4911F005288B1C2D001091F1 /* SceneDelegate.swift in Sources */ = {isa = PBXBuildFile; fileRef = 4911F004288B1C2D001091F1 /* SceneDelegate.swift */; };
		4911F007288B1C2D001091F1 /* ViewController.swift in Sources */ = {isa = PBXBuildFile; fileRef = 4911F006288B1C2D001091F1 /* ViewController.swift */; };
		4911F00C288B1C2D001091F1 /* Assets.xcassets in Resources */ = {isa = PBXBuildFile; fileRef = 4911F00B288B1C2D001091F1 /* Assets.xcassets */; };
		4911F00F288B1C2D001091F1 /* LaunchScreen.storyboard in Resources */ = {isa = PBXBuildFile; fileRef = 4911F00D288B1C2D001091F1 /* LaunchScreen.storyboard */; };
		4911F035288B1CC4001091F1 /* EssentialFeed.framework in Frameworks */ = {isa = PBXBuildFile; fileRef = 4911F033288B1CC4001091F1 /* EssentialFeed.framework */; };
		4911F036288B1CC4001091F1 /* EssentialFeed.framework in Embed Frameworks */ = {isa = PBXBuildFile; fileRef = 4911F033288B1CC4001091F1 /* EssentialFeed.framework */; settings = {ATTRIBUTES = (CodeSignOnCopy, RemoveHeadersOnCopy, ); }; };
		4911F037288B1CC4001091F1 /* EssentialFeediOS.framework in Frameworks */ = {isa = PBXBuildFile; fileRef = 4911F034288B1CC4001091F1 /* EssentialFeediOS.framework */; };
		4911F038288B1CC4001091F1 /* EssentialFeediOS.framework in Embed Frameworks */ = {isa = PBXBuildFile; fileRef = 4911F034288B1CC4001091F1 /* EssentialFeediOS.framework */; settings = {ATTRIBUTES = (CodeSignOnCopy, RemoveHeadersOnCopy, ); }; };
		4959986D288C241F006A0596 /* FeedLoaderWithFallbackComposite.swift in Sources */ = {isa = PBXBuildFile; fileRef = 4959986C288C241F006A0596 /* FeedLoaderWithFallbackComposite.swift */; };
		4959986F288C2478006A0596 /* FeedImageDataLoaderWithFallbackCompositeTests.swift in Sources */ = {isa = PBXBuildFile; fileRef = 4959986E288C2478006A0596 /* FeedImageDataLoaderWithFallbackCompositeTests.swift */; };
		49599871288C249D006A0596 /* FeedImageDataLoaderWithFallbackComposite.swift in Sources */ = {isa = PBXBuildFile; fileRef = 49599870288C249D006A0596 /* FeedImageDataLoaderWithFallbackComposite.swift */; };
		49599874288C24C6006A0596 /* SharedTestHelpers.swift in Sources */ = {isa = PBXBuildFile; fileRef = 49599873288C24C6006A0596 /* SharedTestHelpers.swift */; };
		49599876288C24D8006A0596 /* XCTestCase+MemoryLeakTracking.swift in Sources */ = {isa = PBXBuildFile; fileRef = 49599875288C24D8006A0596 /* XCTestCase+MemoryLeakTracking.swift */; };
		4982FF0B28A236C2009AF613 /* FeedAcceptanceTests.swift in Sources */ = {isa = PBXBuildFile; fileRef = 4982FF0A28A236C2009AF613 /* FeedAcceptanceTests.swift */; };
		4982FF0D28A238E9009AF613 /* HTTPClientStub.swift in Sources */ = {isa = PBXBuildFile; fileRef = 4982FF0C28A238E9009AF613 /* HTTPClientStub.swift */; };
		4982FF0F28A2390B009AF613 /* InMemoryFeedStore.swift in Sources */ = {isa = PBXBuildFile; fileRef = 4982FF0E28A2390B009AF613 /* InMemoryFeedStore.swift */; };
		49895F10289BA88300900629 /* SceneDelegateTests.swift in Sources */ = {isa = PBXBuildFile; fileRef = 49895F0F289BA88300900629 /* SceneDelegateTests.swift */; };
		49895F17289BAAEC00900629 /* MainQueueDispatchDecorator.swift in Sources */ = {isa = PBXBuildFile; fileRef = 49895F11289BAAEC00900629 /* MainQueueDispatchDecorator.swift */; };
		49895F18289BAAEC00900629 /* WeakRefVirtualProxy.swift in Sources */ = {isa = PBXBuildFile; fileRef = 49895F12289BAAEC00900629 /* WeakRefVirtualProxy.swift */; };
		49895F19289BAAEC00900629 /* FeedViewAdapter.swift in Sources */ = {isa = PBXBuildFile; fileRef = 49895F13289BAAEC00900629 /* FeedViewAdapter.swift */; };
		49895F1A289BAAEC00900629 /* FeedUIComposer.swift in Sources */ = {isa = PBXBuildFile; fileRef = 49895F14289BAAEC00900629 /* FeedUIComposer.swift */; };
		49895F1B289BAAEC00900629 /* FeedImageDataLoaderPresentationAdapter.swift in Sources */ = {isa = PBXBuildFile; fileRef = 49895F15289BAAEC00900629 /* FeedImageDataLoaderPresentationAdapter.swift */; };
		49895F1C289BAAEC00900629 /* FeedLoaderPresentationAdapter.swift in Sources */ = {isa = PBXBuildFile; fileRef = 49895F16289BAAEC00900629 /* FeedLoaderPresentationAdapter.swift */; };
		49895F26289BAB3A00900629 /* UIButton+TestHelpers.swift in Sources */ = {isa = PBXBuildFile; fileRef = 49895F1D289BAB3900900629 /* UIButton+TestHelpers.swift */; };
		49895F27289BAB3A00900629 /* FeedViewController+TestHelpers.swift in Sources */ = {isa = PBXBuildFile; fileRef = 49895F1E289BAB3900900629 /* FeedViewController+TestHelpers.swift */; };
		49895F28289BAB3A00900629 /* UIControl+TestHelpers.swift in Sources */ = {isa = PBXBuildFile; fileRef = 49895F1F289BAB3900900629 /* UIControl+TestHelpers.swift */; };
		49895F29289BAB3A00900629 /* UIImage+TestHelpers.swift in Sources */ = {isa = PBXBuildFile; fileRef = 49895F20289BAB3900900629 /* UIImage+TestHelpers.swift */; };
		49895F2A289BAB3A00900629 /* FeedImageCell+TestHelpers.swift in Sources */ = {isa = PBXBuildFile; fileRef = 49895F21289BAB3900900629 /* FeedImageCell+TestHelpers.swift */; };
		49895F2B289BAB3A00900629 /* FeedUIIntegrationTests+Localization.swift in Sources */ = {isa = PBXBuildFile; fileRef = 49895F22289BAB3900900629 /* FeedUIIntegrationTests+Localization.swift */; };
		49895F2C289BAB3A00900629 /* FeedUIIntegrationTests+Assertions.swift in Sources */ = {isa = PBXBuildFile; fileRef = 49895F23289BAB3900900629 /* FeedUIIntegrationTests+Assertions.swift */; };
		49895F2D289BAB3A00900629 /* FeedUIIntegrationTests+LoaderSpy.swift in Sources */ = {isa = PBXBuildFile; fileRef = 49895F24289BAB3900900629 /* FeedUIIntegrationTests+LoaderSpy.swift */; };
		49895F2E289BAB3A00900629 /* UIRefreshControl+TestHelpers.swift in Sources */ = {isa = PBXBuildFile; fileRef = 49895F25289BAB3A00900629 /* UIRefreshControl+TestHelpers.swift */; };
		49895F30289BAB7300900629 /* FeedUIIntegrationTests.swift in Sources */ = {isa = PBXBuildFile; fileRef = 49895F2F289BAB7300900629 /* FeedUIIntegrationTests.swift */; };
		49C89F8B288C1A48007D5E3A /* FeedLoaderWithFallbackCompositTests.swift in Sources */ = {isa = PBXBuildFile; fileRef = 49C89F8A288C1A48007D5E3A /* FeedLoaderWithFallbackCompositTests.swift */; };
		49D10648288FC648008EC8B8 /* FeedLoaderCacheDecoratorTests.swift in Sources */ = {isa = PBXBuildFile; fileRef = 49D10647288FC648008EC8B8 /* FeedLoaderCacheDecoratorTests.swift */; };
		49D1064A288FC827008EC8B8 /* FeedLoaderStub.swift in Sources */ = {isa = PBXBuildFile; fileRef = 49D10649288FC827008EC8B8 /* FeedLoaderStub.swift */; };
		49D1064C288FC89E008EC8B8 /* XCTestCase+FeedLoader.swift in Sources */ = {isa = PBXBuildFile; fileRef = 49D1064B288FC89E008EC8B8 /* XCTestCase+FeedLoader.swift */; };
		49D10650288FCDD3008EC8B8 /* FeedLoaderCacheDecorator.swift in Sources */ = {isa = PBXBuildFile; fileRef = 49D1064F288FCDD3008EC8B8 /* FeedLoaderCacheDecorator.swift */; };
		49D10652288FCF37008EC8B8 /* FeedImageDataLoaderCacheDecoratorTests.swift in Sources */ = {isa = PBXBuildFile; fileRef = 49D10651288FCF37008EC8B8 /* FeedImageDataLoaderCacheDecoratorTests.swift */; };
		49D10654288FCF6B008EC8B8 /* XCTestCase+FeedImageDataLoader.swift in Sources */ = {isa = PBXBuildFile; fileRef = 49D10653288FCF6B008EC8B8 /* XCTestCase+FeedImageDataLoader.swift */; };
		49D10656288FCFC1008EC8B8 /* FeedImageDataLoaderCacheDecorator.swift in Sources */ = {isa = PBXBuildFile; fileRef = 49D10655288FCFC1008EC8B8 /* FeedImageDataLoaderCacheDecorator.swift */; };
		49D1065A288FD054008EC8B8 /* FeedImageDataLoaderSpy.swift in Sources */ = {isa = PBXBuildFile; fileRef = 49D10659288FD054008EC8B8 /* FeedImageDataLoaderSpy.swift */; };
		49D1065C288FD149008EC8B8 /* LoaderSpy.swift in Sources */ = {isa = PBXBuildFile; fileRef = 49D1065B288FD149008EC8B8 /* LoaderSpy.swift */; };
/* End PBXBuildFile section */

/* Begin PBXContainerItemProxy section */
		4911F016288B1C2D001091F1 /* PBXContainerItemProxy */ = {
			isa = PBXContainerItemProxy;
			containerPortal = 4911EFF7288B1C2C001091F1 /* Project object */;
			proxyType = 1;
			remoteGlobalIDString = 4911EFFE288B1C2D001091F1;
			remoteInfo = "Essential App";
		};
/* End PBXContainerItemProxy section */

/* Begin PBXCopyFilesBuildPhase section */
		4911F039288B1CC4001091F1 /* Embed Frameworks */ = {
			isa = PBXCopyFilesBuildPhase;
			buildActionMask = 2147483647;
			dstPath = "";
			dstSubfolderSpec = 10;
			files = (
				4911F036288B1CC4001091F1 /* EssentialFeed.framework in Embed Frameworks */,
				4911F038288B1CC4001091F1 /* EssentialFeediOS.framework in Embed Frameworks */,
			);
			name = "Embed Frameworks";
			runOnlyForDeploymentPostprocessing = 0;
		};
/* End PBXCopyFilesBuildPhase section */

/* Begin PBXFileReference section */
		4911EFFF288B1C2D001091F1 /* Essential App.app */ = {isa = PBXFileReference; explicitFileType = wrapper.application; includeInIndex = 0; path = "Essential App.app"; sourceTree = BUILT_PRODUCTS_DIR; };
		4911F002288B1C2D001091F1 /* AppDelegate.swift */ = {isa = PBXFileReference; lastKnownFileType = sourcecode.swift; path = AppDelegate.swift; sourceTree = "<group>"; };
		4911F004288B1C2D001091F1 /* SceneDelegate.swift */ = {isa = PBXFileReference; lastKnownFileType = sourcecode.swift; path = SceneDelegate.swift; sourceTree = "<group>"; };
		4911F006288B1C2D001091F1 /* ViewController.swift */ = {isa = PBXFileReference; lastKnownFileType = sourcecode.swift; path = ViewController.swift; sourceTree = "<group>"; };
		4911F00B288B1C2D001091F1 /* Assets.xcassets */ = {isa = PBXFileReference; lastKnownFileType = folder.assetcatalog; path = Assets.xcassets; sourceTree = "<group>"; };
		4911F00E288B1C2D001091F1 /* Base */ = {isa = PBXFileReference; lastKnownFileType = file.storyboard; name = Base; path = Base.lproj/LaunchScreen.storyboard; sourceTree = "<group>"; };
		4911F010288B1C2D001091F1 /* Info.plist */ = {isa = PBXFileReference; lastKnownFileType = text.plist.xml; path = Info.plist; sourceTree = "<group>"; };
		4911F015288B1C2D001091F1 /* Essential AppTests.xctest */ = {isa = PBXFileReference; explicitFileType = wrapper.cfbundle; includeInIndex = 0; path = "Essential AppTests.xctest"; sourceTree = BUILT_PRODUCTS_DIR; };
		4911F033288B1CC4001091F1 /* EssentialFeed.framework */ = {isa = PBXFileReference; explicitFileType = wrapper.framework; path = EssentialFeed.framework; sourceTree = BUILT_PRODUCTS_DIR; };
		4911F034288B1CC4001091F1 /* EssentialFeediOS.framework */ = {isa = PBXFileReference; explicitFileType = wrapper.framework; path = EssentialFeediOS.framework; sourceTree = BUILT_PRODUCTS_DIR; };
		4959986C288C241F006A0596 /* FeedLoaderWithFallbackComposite.swift */ = {isa = PBXFileReference; lastKnownFileType = sourcecode.swift; path = FeedLoaderWithFallbackComposite.swift; sourceTree = "<group>"; };
		4959986E288C2478006A0596 /* FeedImageDataLoaderWithFallbackCompositeTests.swift */ = {isa = PBXFileReference; lastKnownFileType = sourcecode.swift; path = FeedImageDataLoaderWithFallbackCompositeTests.swift; sourceTree = "<group>"; };
		49599870288C249D006A0596 /* FeedImageDataLoaderWithFallbackComposite.swift */ = {isa = PBXFileReference; lastKnownFileType = sourcecode.swift; path = FeedImageDataLoaderWithFallbackComposite.swift; sourceTree = "<group>"; };
		49599873288C24C6006A0596 /* SharedTestHelpers.swift */ = {isa = PBXFileReference; lastKnownFileType = sourcecode.swift; path = SharedTestHelpers.swift; sourceTree = "<group>"; };
		49599875288C24D8006A0596 /* XCTestCase+MemoryLeakTracking.swift */ = {isa = PBXFileReference; lastKnownFileType = sourcecode.swift; path = "XCTestCase+MemoryLeakTracking.swift"; sourceTree = "<group>"; };
		4982FF0A28A236C2009AF613 /* FeedAcceptanceTests.swift */ = {isa = PBXFileReference; lastKnownFileType = sourcecode.swift; path = FeedAcceptanceTests.swift; sourceTree = "<group>"; };
		4982FF0C28A238E9009AF613 /* HTTPClientStub.swift */ = {isa = PBXFileReference; lastKnownFileType = sourcecode.swift; path = HTTPClientStub.swift; sourceTree = "<group>"; };
		4982FF0E28A2390B009AF613 /* InMemoryFeedStore.swift */ = {isa = PBXFileReference; lastKnownFileType = sourcecode.swift; path = InMemoryFeedStore.swift; sourceTree = "<group>"; };
		49895F0F289BA88300900629 /* SceneDelegateTests.swift */ = {isa = PBXFileReference; lastKnownFileType = sourcecode.swift; path = SceneDelegateTests.swift; sourceTree = "<group>"; };
		49895F11289BAAEC00900629 /* MainQueueDispatchDecorator.swift */ = {isa = PBXFileReference; fileEncoding = 4; lastKnownFileType = sourcecode.swift; path = MainQueueDispatchDecorator.swift; sourceTree = "<group>"; };
		49895F12289BAAEC00900629 /* WeakRefVirtualProxy.swift */ = {isa = PBXFileReference; fileEncoding = 4; lastKnownFileType = sourcecode.swift; path = WeakRefVirtualProxy.swift; sourceTree = "<group>"; };
		49895F13289BAAEC00900629 /* FeedViewAdapter.swift */ = {isa = PBXFileReference; fileEncoding = 4; lastKnownFileType = sourcecode.swift; path = FeedViewAdapter.swift; sourceTree = "<group>"; };
		49895F14289BAAEC00900629 /* FeedUIComposer.swift */ = {isa = PBXFileReference; fileEncoding = 4; lastKnownFileType = sourcecode.swift; path = FeedUIComposer.swift; sourceTree = "<group>"; };
		49895F15289BAAEC00900629 /* FeedImageDataLoaderPresentationAdapter.swift */ = {isa = PBXFileReference; fileEncoding = 4; lastKnownFileType = sourcecode.swift; path = FeedImageDataLoaderPresentationAdapter.swift; sourceTree = "<group>"; };
		49895F16289BAAEC00900629 /* FeedLoaderPresentationAdapter.swift */ = {isa = PBXFileReference; fileEncoding = 4; lastKnownFileType = sourcecode.swift; path = FeedLoaderPresentationAdapter.swift; sourceTree = "<group>"; };
		49895F1D289BAB3900900629 /* UIButton+TestHelpers.swift */ = {isa = PBXFileReference; fileEncoding = 4; lastKnownFileType = sourcecode.swift; path = "UIButton+TestHelpers.swift"; sourceTree = "<group>"; };
		49895F1E289BAB3900900629 /* FeedViewController+TestHelpers.swift */ = {isa = PBXFileReference; fileEncoding = 4; lastKnownFileType = sourcecode.swift; path = "FeedViewController+TestHelpers.swift"; sourceTree = "<group>"; };
		49895F1F289BAB3900900629 /* UIControl+TestHelpers.swift */ = {isa = PBXFileReference; fileEncoding = 4; lastKnownFileType = sourcecode.swift; path = "UIControl+TestHelpers.swift"; sourceTree = "<group>"; };
		49895F20289BAB3900900629 /* UIImage+TestHelpers.swift */ = {isa = PBXFileReference; fileEncoding = 4; lastKnownFileType = sourcecode.swift; path = "UIImage+TestHelpers.swift"; sourceTree = "<group>"; };
		49895F21289BAB3900900629 /* FeedImageCell+TestHelpers.swift */ = {isa = PBXFileReference; fileEncoding = 4; lastKnownFileType = sourcecode.swift; path = "FeedImageCell+TestHelpers.swift"; sourceTree = "<group>"; };
		49895F22289BAB3900900629 /* FeedUIIntegrationTests+Localization.swift */ = {isa = PBXFileReference; fileEncoding = 4; lastKnownFileType = sourcecode.swift; path = "FeedUIIntegrationTests+Localization.swift"; sourceTree = "<group>"; };
		49895F23289BAB3900900629 /* FeedUIIntegrationTests+Assertions.swift */ = {isa = PBXFileReference; fileEncoding = 4; lastKnownFileType = sourcecode.swift; path = "FeedUIIntegrationTests+Assertions.swift"; sourceTree = "<group>"; };
		49895F24289BAB3900900629 /* FeedUIIntegrationTests+LoaderSpy.swift */ = {isa = PBXFileReference; fileEncoding = 4; lastKnownFileType = sourcecode.swift; path = "FeedUIIntegrationTests+LoaderSpy.swift"; sourceTree = "<group>"; };
		49895F25289BAB3A00900629 /* UIRefreshControl+TestHelpers.swift */ = {isa = PBXFileReference; fileEncoding = 4; lastKnownFileType = sourcecode.swift; path = "UIRefreshControl+TestHelpers.swift"; sourceTree = "<group>"; };
		49895F2F289BAB7300900629 /* FeedUIIntegrationTests.swift */ = {isa = PBXFileReference; fileEncoding = 4; lastKnownFileType = sourcecode.swift; path = FeedUIIntegrationTests.swift; sourceTree = "<group>"; };
		49C89F8A288C1A48007D5E3A /* FeedLoaderWithFallbackCompositTests.swift */ = {isa = PBXFileReference; lastKnownFileType = sourcecode.swift; path = FeedLoaderWithFallbackCompositTests.swift; sourceTree = "<group>"; };
		49D10647288FC648008EC8B8 /* FeedLoaderCacheDecoratorTests.swift */ = {isa = PBXFileReference; lastKnownFileType = sourcecode.swift; path = FeedLoaderCacheDecoratorTests.swift; sourceTree = "<group>"; };
		49D10649288FC827008EC8B8 /* FeedLoaderStub.swift */ = {isa = PBXFileReference; lastKnownFileType = sourcecode.swift; path = FeedLoaderStub.swift; sourceTree = "<group>"; };
		49D1064B288FC89E008EC8B8 /* XCTestCase+FeedLoader.swift */ = {isa = PBXFileReference; lastKnownFileType = sourcecode.swift; path = "XCTestCase+FeedLoader.swift"; sourceTree = "<group>"; };
		49D1064F288FCDD3008EC8B8 /* FeedLoaderCacheDecorator.swift */ = {isa = PBXFileReference; lastKnownFileType = sourcecode.swift; path = FeedLoaderCacheDecorator.swift; sourceTree = "<group>"; };
		49D10651288FCF37008EC8B8 /* FeedImageDataLoaderCacheDecoratorTests.swift */ = {isa = PBXFileReference; lastKnownFileType = sourcecode.swift; path = FeedImageDataLoaderCacheDecoratorTests.swift; sourceTree = "<group>"; };
		49D10653288FCF6B008EC8B8 /* XCTestCase+FeedImageDataLoader.swift */ = {isa = PBXFileReference; lastKnownFileType = sourcecode.swift; path = "XCTestCase+FeedImageDataLoader.swift"; sourceTree = "<group>"; };
		49D10655288FCFC1008EC8B8 /* FeedImageDataLoaderCacheDecorator.swift */ = {isa = PBXFileReference; lastKnownFileType = sourcecode.swift; path = FeedImageDataLoaderCacheDecorator.swift; sourceTree = "<group>"; };
		49D10659288FD054008EC8B8 /* FeedImageDataLoaderSpy.swift */ = {isa = PBXFileReference; lastKnownFileType = sourcecode.swift; path = FeedImageDataLoaderSpy.swift; sourceTree = "<group>"; };
		49D1065B288FD149008EC8B8 /* LoaderSpy.swift */ = {isa = PBXFileReference; lastKnownFileType = sourcecode.swift; path = LoaderSpy.swift; sourceTree = "<group>"; };
/* End PBXFileReference section */

/* Begin PBXFrameworksBuildPhase section */
		4911EFFC288B1C2D001091F1 /* Frameworks */ = {
			isa = PBXFrameworksBuildPhase;
			buildActionMask = 2147483647;
			files = (
				4911F035288B1CC4001091F1 /* EssentialFeed.framework in Frameworks */,
				4911F037288B1CC4001091F1 /* EssentialFeediOS.framework in Frameworks */,
			);
			runOnlyForDeploymentPostprocessing = 0;
		};
		4911F012288B1C2D001091F1 /* Frameworks */ = {
			isa = PBXFrameworksBuildPhase;
			buildActionMask = 2147483647;
			files = (
			);
			runOnlyForDeploymentPostprocessing = 0;
		};
/* End PBXFrameworksBuildPhase section */

/* Begin PBXGroup section */
		4911EFF6288B1C2C001091F1 = {
			isa = PBXGroup;
			children = (
				4911F001288B1C2D001091F1 /* Essential App */,
				4911F018288B1C2D001091F1 /* Essential AppTests */,
				4911F000288B1C2D001091F1 /* Products */,
				4911F032288B1CC4001091F1 /* Frameworks */,
			);
			sourceTree = "<group>";
		};
		4911F000288B1C2D001091F1 /* Products */ = {
			isa = PBXGroup;
			children = (
				4911EFFF288B1C2D001091F1 /* Essential App.app */,
				4911F015288B1C2D001091F1 /* Essential AppTests.xctest */,
			);
			name = Products;
			sourceTree = "<group>";
		};
		4911F001288B1C2D001091F1 /* Essential App */ = {
			isa = PBXGroup;
			children = (
				49895F13289BAAEC00900629 /* FeedViewAdapter.swift */,
				49895F15289BAAEC00900629 /* FeedImageDataLoaderPresentationAdapter.swift */,
				49895F11289BAAEC00900629 /* MainQueueDispatchDecorator.swift */,
				49895F12289BAAEC00900629 /* WeakRefVirtualProxy.swift */,
				49895F14289BAAEC00900629 /* FeedUIComposer.swift */,
				49895F16289BAAEC00900629 /* FeedLoaderPresentationAdapter.swift */,
				4911F002288B1C2D001091F1 /* AppDelegate.swift */,
				4911F004288B1C2D001091F1 /* SceneDelegate.swift */,
				4911F006288B1C2D001091F1 /* ViewController.swift */,
				4911F00B288B1C2D001091F1 /* Assets.xcassets */,
				4911F00D288B1C2D001091F1 /* LaunchScreen.storyboard */,
				4911F010288B1C2D001091F1 /* Info.plist */,
				4959986C288C241F006A0596 /* FeedLoaderWithFallbackComposite.swift */,
				49599870288C249D006A0596 /* FeedImageDataLoaderWithFallbackComposite.swift */,
				49D1064F288FCDD3008EC8B8 /* FeedLoaderCacheDecorator.swift */,
				49D10655288FCFC1008EC8B8 /* FeedImageDataLoaderCacheDecorator.swift */,
			);
			path = "Essential App";
			sourceTree = "<group>";
		};
		4911F018288B1C2D001091F1 /* Essential AppTests */ = {
			isa = PBXGroup;
			children = (
				49599872288C24BE006A0596 /* Helpers */,
				49895F2F289BAB7300900629 /* FeedUIIntegrationTests.swift */,
				49C89F8A288C1A48007D5E3A /* FeedLoaderWithFallbackCompositTests.swift */,
				4959986E288C2478006A0596 /* FeedImageDataLoaderWithFallbackCompositeTests.swift */,
				49D10647288FC648008EC8B8 /* FeedLoaderCacheDecoratorTests.swift */,
				49D10651288FCF37008EC8B8 /* FeedImageDataLoaderCacheDecoratorTests.swift */,
				49895F0F289BA88300900629 /* SceneDelegateTests.swift */,
				4982FF0A28A236C2009AF613 /* FeedAcceptanceTests.swift */,
			);
			path = "Essential AppTests";
			sourceTree = "<group>";
		};
		4911F032288B1CC4001091F1 /* Frameworks */ = {
			isa = PBXGroup;
			children = (
				4911F033288B1CC4001091F1 /* EssentialFeed.framework */,
				4911F034288B1CC4001091F1 /* EssentialFeediOS.framework */,
			);
			name = Frameworks;
			sourceTree = "<group>";
		};
		49599872288C24BE006A0596 /* Helpers */ = {
			isa = PBXGroup;
			children = (
				49895F24289BAB3900900629 /* FeedUIIntegrationTests+LoaderSpy.swift */,
				49895F22289BAB3900900629 /* FeedUIIntegrationTests+Localization.swift */,
				49895F1D289BAB3900900629 /* UIButton+TestHelpers.swift */,
				49895F23289BAB3900900629 /* FeedUIIntegrationTests+Assertions.swift */,
				49895F21289BAB3900900629 /* FeedImageCell+TestHelpers.swift */,
				49895F20289BAB3900900629 /* UIImage+TestHelpers.swift */,
				49895F1F289BAB3900900629 /* UIControl+TestHelpers.swift */,
				49895F1E289BAB3900900629 /* FeedViewController+TestHelpers.swift */,
				49895F25289BAB3A00900629 /* UIRefreshControl+TestHelpers.swift */,
				49599873288C24C6006A0596 /* SharedTestHelpers.swift */,
				49599875288C24D8006A0596 /* XCTestCase+MemoryLeakTracking.swift */,
				49D10649288FC827008EC8B8 /* FeedLoaderStub.swift */,
				49D1064B288FC89E008EC8B8 /* XCTestCase+FeedLoader.swift */,
				49D10653288FCF6B008EC8B8 /* XCTestCase+FeedImageDataLoader.swift */,
				49D10659288FD054008EC8B8 /* FeedImageDataLoaderSpy.swift */,
				49D1065B288FD149008EC8B8 /* LoaderSpy.swift */,
				4982FF0C28A238E9009AF613 /* HTTPClientStub.swift */,
				4982FF0E28A2390B009AF613 /* InMemoryFeedStore.swift */,
			);
			path = Helpers;
			sourceTree = "<group>";
		};
/* End PBXGroup section */

/* Begin PBXNativeTarget section */
		4911EFFE288B1C2D001091F1 /* Essential App */ = {
			isa = PBXNativeTarget;
			buildConfigurationList = 4911F029288B1C2D001091F1 /* Build configuration list for PBXNativeTarget "Essential App" */;
			buildPhases = (
				4911EFFB288B1C2D001091F1 /* Sources */,
				4911EFFC288B1C2D001091F1 /* Frameworks */,
				4911EFFD288B1C2D001091F1 /* Resources */,
				4911F039288B1CC4001091F1 /* Embed Frameworks */,
			);
			buildRules = (
			);
			dependencies = (
			);
			name = "Essential App";
			productName = "Essential App";
			productReference = 4911EFFF288B1C2D001091F1 /* Essential App.app */;
			productType = "com.apple.product-type.application";
		};
		4911F014288B1C2D001091F1 /* Essential AppTests */ = {
			isa = PBXNativeTarget;
			buildConfigurationList = 4911F02C288B1C2D001091F1 /* Build configuration list for PBXNativeTarget "Essential AppTests" */;
			buildPhases = (
				4911F011288B1C2D001091F1 /* Sources */,
				4911F012288B1C2D001091F1 /* Frameworks */,
				4911F013288B1C2D001091F1 /* Resources */,
			);
			buildRules = (
			);
			dependencies = (
				4911F017288B1C2D001091F1 /* PBXTargetDependency */,
			);
			name = "Essential AppTests";
			productName = "Essential AppTests";
			productReference = 4911F015288B1C2D001091F1 /* Essential AppTests.xctest */;
			productType = "com.apple.product-type.bundle.unit-test";
		};
/* End PBXNativeTarget section */

/* Begin PBXProject section */
		4911EFF7288B1C2C001091F1 /* Project object */ = {
			isa = PBXProject;
			attributes = {
				BuildIndependentTargetsInParallel = 1;
				LastSwiftUpdateCheck = 1340;
				LastUpgradeCheck = 1340;
				TargetAttributes = {
					4911EFFE288B1C2D001091F1 = {
						CreatedOnToolsVersion = 13.4;
					};
					4911F014288B1C2D001091F1 = {
						CreatedOnToolsVersion = 13.4;
						TestTargetID = 4911EFFE288B1C2D001091F1;
					};
				};
			};
			buildConfigurationList = 4911EFFA288B1C2C001091F1 /* Build configuration list for PBXProject "Essential App" */;
			compatibilityVersion = "Xcode 13.0";
			developmentRegion = en;
			hasScannedForEncodings = 0;
			knownRegions = (
				en,
				Base,
			);
			mainGroup = 4911EFF6288B1C2C001091F1;
			productRefGroup = 4911F000288B1C2D001091F1 /* Products */;
			projectDirPath = "";
			projectRoot = "";
			targets = (
				4911EFFE288B1C2D001091F1 /* Essential App */,
				4911F014288B1C2D001091F1 /* Essential AppTests */,
			);
		};
/* End PBXProject section */

/* Begin PBXResourcesBuildPhase section */
		4911EFFD288B1C2D001091F1 /* Resources */ = {
			isa = PBXResourcesBuildPhase;
			buildActionMask = 2147483647;
			files = (
				4911F00F288B1C2D001091F1 /* LaunchScreen.storyboard in Resources */,
				4911F00C288B1C2D001091F1 /* Assets.xcassets in Resources */,
			);
			runOnlyForDeploymentPostprocessing = 0;
		};
		4911F013288B1C2D001091F1 /* Resources */ = {
			isa = PBXResourcesBuildPhase;
			buildActionMask = 2147483647;
			files = (
			);
			runOnlyForDeploymentPostprocessing = 0;
		};
/* End PBXResourcesBuildPhase section */

/* Begin PBXSourcesBuildPhase section */
		4911EFFB288B1C2D001091F1 /* Sources */ = {
			isa = PBXSourcesBuildPhase;
			buildActionMask = 2147483647;
			files = (
				4911F007288B1C2D001091F1 /* ViewController.swift in Sources */,
				49895F1B289BAAEC00900629 /* FeedImageDataLoaderPresentationAdapter.swift in Sources */,
				49895F1A289BAAEC00900629 /* FeedUIComposer.swift in Sources */,
				49895F17289BAAEC00900629 /* MainQueueDispatchDecorator.swift in Sources */,
				49895F18289BAAEC00900629 /* WeakRefVirtualProxy.swift in Sources */,
				4911F003288B1C2D001091F1 /* AppDelegate.swift in Sources */,
				4959986D288C241F006A0596 /* FeedLoaderWithFallbackComposite.swift in Sources */,
				49895F19289BAAEC00900629 /* FeedViewAdapter.swift in Sources */,
				49D10650288FCDD3008EC8B8 /* FeedLoaderCacheDecorator.swift in Sources */,
				4911F005288B1C2D001091F1 /* SceneDelegate.swift in Sources */,
				49599871288C249D006A0596 /* FeedImageDataLoaderWithFallbackComposite.swift in Sources */,
				49895F1C289BAAEC00900629 /* FeedLoaderPresentationAdapter.swift in Sources */,
				49D10656288FCFC1008EC8B8 /* FeedImageDataLoaderCacheDecorator.swift in Sources */,
			);
			runOnlyForDeploymentPostprocessing = 0;
		};
		4911F011288B1C2D001091F1 /* Sources */ = {
			isa = PBXSourcesBuildPhase;
			buildActionMask = 2147483647;
			files = (
				49895F2D289BAB3A00900629 /* FeedUIIntegrationTests+LoaderSpy.swift in Sources */,
				4959986F288C2478006A0596 /* FeedImageDataLoaderWithFallbackCompositeTests.swift in Sources */,
				49D10652288FCF37008EC8B8 /* FeedImageDataLoaderCacheDecoratorTests.swift in Sources */,
				49D1064C288FC89E008EC8B8 /* XCTestCase+FeedLoader.swift in Sources */,
				49895F2E289BAB3A00900629 /* UIRefreshControl+TestHelpers.swift in Sources */,
				49895F29289BAB3A00900629 /* UIImage+TestHelpers.swift in Sources */,
				49895F28289BAB3A00900629 /* UIControl+TestHelpers.swift in Sources */,
				49895F2B289BAB3A00900629 /* FeedUIIntegrationTests+Localization.swift in Sources */,
				4982FF0B28A236C2009AF613 /* FeedAcceptanceTests.swift in Sources */,
				49895F30289BAB7300900629 /* FeedUIIntegrationTests.swift in Sources */,
				49895F2C289BAB3A00900629 /* FeedUIIntegrationTests+Assertions.swift in Sources */,
				49D10648288FC648008EC8B8 /* FeedLoaderCacheDecoratorTests.swift in Sources */,
				4982FF0D28A238E9009AF613 /* HTTPClientStub.swift in Sources */,
				49895F27289BAB3A00900629 /* FeedViewController+TestHelpers.swift in Sources */,
				49599876288C24D8006A0596 /* XCTestCase+MemoryLeakTracking.swift in Sources */,
				49D10654288FCF6B008EC8B8 /* XCTestCase+FeedImageDataLoader.swift in Sources */,
				49C89F8B288C1A48007D5E3A /* FeedLoaderWithFallbackCompositTests.swift in Sources */,
				49D1065A288FD054008EC8B8 /* FeedImageDataLoaderSpy.swift in Sources */,
				49D1065C288FD149008EC8B8 /* LoaderSpy.swift in Sources */,
				49D1064A288FC827008EC8B8 /* FeedLoaderStub.swift in Sources */,
				49895F2A289BAB3A00900629 /* FeedImageCell+TestHelpers.swift in Sources */,
				49599874288C24C6006A0596 /* SharedTestHelpers.swift in Sources */,
				49895F10289BA88300900629 /* SceneDelegateTests.swift in Sources */,
				49895F26289BAB3A00900629 /* UIButton+TestHelpers.swift in Sources */,
				4982FF0F28A2390B009AF613 /* InMemoryFeedStore.swift in Sources */,
			);
			runOnlyForDeploymentPostprocessing = 0;
		};
/* End PBXSourcesBuildPhase section */

/* Begin PBXTargetDependency section */
		4911F017288B1C2D001091F1 /* PBXTargetDependency */ = {
			isa = PBXTargetDependency;
			target = 4911EFFE288B1C2D001091F1 /* Essential App */;
			targetProxy = 4911F016288B1C2D001091F1 /* PBXContainerItemProxy */;
		};
/* End PBXTargetDependency section */

/* Begin PBXVariantGroup section */
		4911F00D288B1C2D001091F1 /* LaunchScreen.storyboard */ = {
			isa = PBXVariantGroup;
			children = (
				4911F00E288B1C2D001091F1 /* Base */,
			);
			name = LaunchScreen.storyboard;
			sourceTree = "<group>";
		};
/* End PBXVariantGroup section */

/* Begin XCBuildConfiguration section */
		4911F027288B1C2D001091F1 /* Debug */ = {
			isa = XCBuildConfiguration;
			buildSettings = {
				ALWAYS_SEARCH_USER_PATHS = NO;
				CLANG_ANALYZER_NONNULL = YES;
				CLANG_ANALYZER_NUMBER_OBJECT_CONVERSION = YES_AGGRESSIVE;
				CLANG_CXX_LANGUAGE_STANDARD = "gnu++17";
				CLANG_ENABLE_MODULES = YES;
				CLANG_ENABLE_OBJC_ARC = YES;
				CLANG_ENABLE_OBJC_WEAK = YES;
				CLANG_WARN_BLOCK_CAPTURE_AUTORELEASING = YES;
				CLANG_WARN_BOOL_CONVERSION = YES;
				CLANG_WARN_COMMA = YES;
				CLANG_WARN_CONSTANT_CONVERSION = YES;
				CLANG_WARN_DEPRECATED_OBJC_IMPLEMENTATIONS = YES;
				CLANG_WARN_DIRECT_OBJC_ISA_USAGE = YES_ERROR;
				CLANG_WARN_DOCUMENTATION_COMMENTS = YES;
				CLANG_WARN_EMPTY_BODY = YES;
				CLANG_WARN_ENUM_CONVERSION = YES;
				CLANG_WARN_INFINITE_RECURSION = YES;
				CLANG_WARN_INT_CONVERSION = YES;
				CLANG_WARN_NON_LITERAL_NULL_CONVERSION = YES;
				CLANG_WARN_OBJC_IMPLICIT_RETAIN_SELF = YES;
				CLANG_WARN_OBJC_LITERAL_CONVERSION = YES;
				CLANG_WARN_OBJC_ROOT_CLASS = YES_ERROR;
				CLANG_WARN_QUOTED_INCLUDE_IN_FRAMEWORK_HEADER = YES;
				CLANG_WARN_RANGE_LOOP_ANALYSIS = YES;
				CLANG_WARN_STRICT_PROTOTYPES = YES;
				CLANG_WARN_SUSPICIOUS_MOVE = YES;
				CLANG_WARN_UNGUARDED_AVAILABILITY = YES_AGGRESSIVE;
				CLANG_WARN_UNREACHABLE_CODE = YES;
				CLANG_WARN__DUPLICATE_METHOD_MATCH = YES;
				COPY_PHASE_STRIP = NO;
				DEBUG_INFORMATION_FORMAT = dwarf;
				ENABLE_STRICT_OBJC_MSGSEND = YES;
				ENABLE_TESTABILITY = YES;
				GCC_C_LANGUAGE_STANDARD = gnu11;
				GCC_DYNAMIC_NO_PIC = NO;
				GCC_NO_COMMON_BLOCKS = YES;
				GCC_OPTIMIZATION_LEVEL = 0;
				GCC_PREPROCESSOR_DEFINITIONS = (
					"DEBUG=1",
					"$(inherited)",
				);
				GCC_WARN_64_TO_32_BIT_CONVERSION = YES;
				GCC_WARN_ABOUT_RETURN_TYPE = YES_ERROR;
				GCC_WARN_UNDECLARED_SELECTOR = YES;
				GCC_WARN_UNINITIALIZED_AUTOS = YES_AGGRESSIVE;
				GCC_WARN_UNUSED_FUNCTION = YES;
				GCC_WARN_UNUSED_VARIABLE = YES;
				IPHONEOS_DEPLOYMENT_TARGET = 15.5;
				MTL_ENABLE_DEBUG_INFO = INCLUDE_SOURCE;
				MTL_FAST_MATH = YES;
				ONLY_ACTIVE_ARCH = YES;
				SDKROOT = iphoneos;
				SWIFT_ACTIVE_COMPILATION_CONDITIONS = DEBUG;
				SWIFT_OPTIMIZATION_LEVEL = "-Onone";
			};
			name = Debug;
		};
		4911F028288B1C2D001091F1 /* Release */ = {
			isa = XCBuildConfiguration;
			buildSettings = {
				ALWAYS_SEARCH_USER_PATHS = NO;
				CLANG_ANALYZER_NONNULL = YES;
				CLANG_ANALYZER_NUMBER_OBJECT_CONVERSION = YES_AGGRESSIVE;
				CLANG_CXX_LANGUAGE_STANDARD = "gnu++17";
				CLANG_ENABLE_MODULES = YES;
				CLANG_ENABLE_OBJC_ARC = YES;
				CLANG_ENABLE_OBJC_WEAK = YES;
				CLANG_WARN_BLOCK_CAPTURE_AUTORELEASING = YES;
				CLANG_WARN_BOOL_CONVERSION = YES;
				CLANG_WARN_COMMA = YES;
				CLANG_WARN_CONSTANT_CONVERSION = YES;
				CLANG_WARN_DEPRECATED_OBJC_IMPLEMENTATIONS = YES;
				CLANG_WARN_DIRECT_OBJC_ISA_USAGE = YES_ERROR;
				CLANG_WARN_DOCUMENTATION_COMMENTS = YES;
				CLANG_WARN_EMPTY_BODY = YES;
				CLANG_WARN_ENUM_CONVERSION = YES;
				CLANG_WARN_INFINITE_RECURSION = YES;
				CLANG_WARN_INT_CONVERSION = YES;
				CLANG_WARN_NON_LITERAL_NULL_CONVERSION = YES;
				CLANG_WARN_OBJC_IMPLICIT_RETAIN_SELF = YES;
				CLANG_WARN_OBJC_LITERAL_CONVERSION = YES;
				CLANG_WARN_OBJC_ROOT_CLASS = YES_ERROR;
				CLANG_WARN_QUOTED_INCLUDE_IN_FRAMEWORK_HEADER = YES;
				CLANG_WARN_RANGE_LOOP_ANALYSIS = YES;
				CLANG_WARN_STRICT_PROTOTYPES = YES;
				CLANG_WARN_SUSPICIOUS_MOVE = YES;
				CLANG_WARN_UNGUARDED_AVAILABILITY = YES_AGGRESSIVE;
				CLANG_WARN_UNREACHABLE_CODE = YES;
				CLANG_WARN__DUPLICATE_METHOD_MATCH = YES;
				COPY_PHASE_STRIP = NO;
				DEBUG_INFORMATION_FORMAT = "dwarf-with-dsym";
				ENABLE_NS_ASSERTIONS = NO;
				ENABLE_STRICT_OBJC_MSGSEND = YES;
				GCC_C_LANGUAGE_STANDARD = gnu11;
				GCC_NO_COMMON_BLOCKS = YES;
				GCC_WARN_64_TO_32_BIT_CONVERSION = YES;
				GCC_WARN_ABOUT_RETURN_TYPE = YES_ERROR;
				GCC_WARN_UNDECLARED_SELECTOR = YES;
				GCC_WARN_UNINITIALIZED_AUTOS = YES_AGGRESSIVE;
				GCC_WARN_UNUSED_FUNCTION = YES;
				GCC_WARN_UNUSED_VARIABLE = YES;
				IPHONEOS_DEPLOYMENT_TARGET = 15.5;
				MTL_ENABLE_DEBUG_INFO = NO;
				MTL_FAST_MATH = YES;
				SDKROOT = iphoneos;
				SWIFT_COMPILATION_MODE = wholemodule;
				SWIFT_OPTIMIZATION_LEVEL = "-O";
				VALIDATE_PRODUCT = YES;
			};
			name = Release;
		};
		4911F02A288B1C2D001091F1 /* Debug */ = {
			isa = XCBuildConfiguration;
			buildSettings = {
				ASSETCATALOG_COMPILER_APPICON_NAME = AppIcon;
				ASSETCATALOG_COMPILER_GLOBAL_ACCENT_COLOR_NAME = AccentColor;
				CODE_SIGN_STYLE = Automatic;
				CURRENT_PROJECT_VERSION = 1;
				GENERATE_INFOPLIST_FILE = YES;
				INFOPLIST_FILE = "Essential App/Info.plist";
				INFOPLIST_KEY_UIApplicationSupportsIndirectInputEvents = YES;
				INFOPLIST_KEY_UILaunchStoryboardName = LaunchScreen;
				INFOPLIST_KEY_UISupportedInterfaceOrientations = "";
				INFOPLIST_KEY_UISupportedInterfaceOrientations_iPad = "UIInterfaceOrientationPortrait UIInterfaceOrientationPortraitUpsideDown UIInterfaceOrientationLandscapeLeft UIInterfaceOrientationLandscapeRight";
				INFOPLIST_KEY_UISupportedInterfaceOrientations_iPhone = "UIInterfaceOrientationPortrait UIInterfaceOrientationLandscapeLeft UIInterfaceOrientationLandscapeRight";
				LD_RUNPATH_SEARCH_PATHS = (
					"$(inherited)",
					"@executable_path/Frameworks",
				);
				MARKETING_VERSION = 1.0;
				PRODUCT_BUNDLE_IDENTIFIER = "com.bogaevskyi.Essential-App";
				PRODUCT_NAME = "$(TARGET_NAME)";
				SWIFT_EMIT_LOC_STRINGS = YES;
				SWIFT_VERSION = 5.0;
				TARGETED_DEVICE_FAMILY = "1,2";
			};
			name = Debug;
		};
		4911F02B288B1C2D001091F1 /* Release */ = {
			isa = XCBuildConfiguration;
			buildSettings = {
				ASSETCATALOG_COMPILER_APPICON_NAME = AppIcon;
				ASSETCATALOG_COMPILER_GLOBAL_ACCENT_COLOR_NAME = AccentColor;
				CODE_SIGN_STYLE = Automatic;
				CURRENT_PROJECT_VERSION = 1;
				GENERATE_INFOPLIST_FILE = YES;
				INFOPLIST_FILE = "Essential App/Info.plist";
				INFOPLIST_KEY_UIApplicationSupportsIndirectInputEvents = YES;
				INFOPLIST_KEY_UILaunchStoryboardName = LaunchScreen;
				INFOPLIST_KEY_UISupportedInterfaceOrientations = "";
				INFOPLIST_KEY_UISupportedInterfaceOrientations_iPad = "UIInterfaceOrientationPortrait UIInterfaceOrientationPortraitUpsideDown UIInterfaceOrientationLandscapeLeft UIInterfaceOrientationLandscapeRight";
				INFOPLIST_KEY_UISupportedInterfaceOrientations_iPhone = "UIInterfaceOrientationPortrait UIInterfaceOrientationLandscapeLeft UIInterfaceOrientationLandscapeRight";
				LD_RUNPATH_SEARCH_PATHS = (
					"$(inherited)",
					"@executable_path/Frameworks",
				);
				MARKETING_VERSION = 1.0;
				PRODUCT_BUNDLE_IDENTIFIER = "com.bogaevskyi.Essential-App";
				PRODUCT_NAME = "$(TARGET_NAME)";
				SWIFT_EMIT_LOC_STRINGS = YES;
				SWIFT_VERSION = 5.0;
				TARGETED_DEVICE_FAMILY = "1,2";
			};
			name = Release;
		};
		4911F02D288B1C2D001091F1 /* Debug */ = {
			isa = XCBuildConfiguration;
			buildSettings = {
				ALWAYS_EMBED_SWIFT_STANDARD_LIBRARIES = YES;
				BUNDLE_LOADER = "$(TEST_HOST)";
				CODE_SIGN_STYLE = Automatic;
				CURRENT_PROJECT_VERSION = 1;
				GENERATE_INFOPLIST_FILE = YES;
				IPHONEOS_DEPLOYMENT_TARGET = 15.5;
				MARKETING_VERSION = 1.0;
				PRODUCT_BUNDLE_IDENTIFIER = "com.bogaevskyi.Essential-AppTests";
				PRODUCT_NAME = "$(TARGET_NAME)";
				SWIFT_EMIT_LOC_STRINGS = NO;
				SWIFT_VERSION = 5.0;
				TARGETED_DEVICE_FAMILY = "1,2";
				TEST_HOST = "$(BUILT_PRODUCTS_DIR)/Essential App.app/Essential App";
			};
			name = Debug;
		};
		4911F02E288B1C2D001091F1 /* Release */ = {
			isa = XCBuildConfiguration;
			buildSettings = {
				ALWAYS_EMBED_SWIFT_STANDARD_LIBRARIES = YES;
				BUNDLE_LOADER = "$(TEST_HOST)";
				CODE_SIGN_STYLE = Automatic;
				CURRENT_PROJECT_VERSION = 1;
				GENERATE_INFOPLIST_FILE = YES;
				IPHONEOS_DEPLOYMENT_TARGET = 15.5;
				MARKETING_VERSION = 1.0;
				PRODUCT_BUNDLE_IDENTIFIER = "com.bogaevskyi.Essential-AppTests";
				PRODUCT_NAME = "$(TARGET_NAME)";
				SWIFT_EMIT_LOC_STRINGS = NO;
				SWIFT_VERSION = 5.0;
				TARGETED_DEVICE_FAMILY = "1,2";
				TEST_HOST = "$(BUILT_PRODUCTS_DIR)/Essential App.app/Essential App";
			};
			name = Release;
		};
/* End XCBuildConfiguration section */

/* Begin XCConfigurationList section */
		4911EFFA288B1C2C001091F1 /* Build configuration list for PBXProject "Essential App" */ = {
			isa = XCConfigurationList;
			buildConfigurations = (
				4911F027288B1C2D001091F1 /* Debug */,
				4911F028288B1C2D001091F1 /* Release */,
			);
			defaultConfigurationIsVisible = 0;
			defaultConfigurationName = Release;
		};
		4911F029288B1C2D001091F1 /* Build configuration list for PBXNativeTarget "Essential App" */ = {
			isa = XCConfigurationList;
			buildConfigurations = (
				4911F02A288B1C2D001091F1 /* Debug */,
				4911F02B288B1C2D001091F1 /* Release */,
			);
			defaultConfigurationIsVisible = 0;
			defaultConfigurationName = Release;
		};
		4911F02C288B1C2D001091F1 /* Build configuration list for PBXNativeTarget "Essential AppTests" */ = {
			isa = XCConfigurationList;
			buildConfigurations = (
				4911F02D288B1C2D001091F1 /* Debug */,
				4911F02E288B1C2D001091F1 /* Release */,
			);
			defaultConfigurationIsVisible = 0;
			defaultConfigurationName = Release;
		};
/* End XCConfigurationList section */
	};
	rootObject = 4911EFF7288B1C2C001091F1 /* Project object */;
}
